<?xml version="1.0" encoding="utf-8"?>
<Project ToolsVersion="4.0" xmlns="http://schemas.microsoft.com/developer/msbuild/2003">
  <ItemGroup>
    <ClCompile Include="src\main.cpp" />
    <ClCompile Include="src\testApp.cpp" />
    <ClCompile Include="..\..\..\libs\openFrameworks\app\ofAppGlutWindow.cpp">
      <Filter>libs\openFrameworks\app</Filter>
    </ClCompile>
    <ClCompile Include="..\..\..\libs\openFrameworks\app\ofAppRunner.cpp">
      <Filter>libs\openFrameworks\app</Filter>
    </ClCompile>
    <ClCompile Include="..\..\..\libs\openFrameworks\graphics\ofBitmapFont.cpp">
      <Filter>libs\openFrameworks\graphics</Filter>
    </ClCompile>
    <ClCompile Include="..\..\..\libs\openFrameworks\graphics\ofGraphics.cpp">
      <Filter>libs\openFrameworks\graphics</Filter>
    </ClCompile>
    <ClCompile Include="..\..\..\libs\openFrameworks\graphics\ofImage.cpp">
      <Filter>libs\openFrameworks\graphics</Filter>
    </ClCompile>
    <ClCompile Include="..\..\..\libs\openFrameworks\graphics\ofPixels.cpp">
      <Filter>libs\openFrameworks\graphics</Filter>
    </ClCompile>
    <ClCompile Include="..\..\..\libs\openFrameworks\graphics\ofTexture.cpp">
      <Filter>libs\openFrameworks\graphics</Filter>
    </ClCompile>
    <ClCompile Include="..\..\..\libs\openFrameworks\graphics\ofTrueTypeFont.cpp">
      <Filter>libs\openFrameworks\graphics</Filter>
    </ClCompile>
    <ClCompile Include="..\..\..\libs\openFrameworks\sound\ofSoundStream.cpp">
      <Filter>libs\openFrameworks\sound</Filter>
    </ClCompile>
    <ClCompile Include="..\..\..\libs\openFrameworks\utils\ofFileUtils.cpp">
      <Filter>libs\openFrameworks\util</Filter>
    </ClCompile>
    <ClCompile Include="..\..\..\libs\openFrameworks\utils\ofSystemUtils.cpp">
      <Filter>libs\openFrameworks\util</Filter>
    </ClCompile>
    <ClCompile Include="..\..\..\libs\openFrameworks\utils\ofUtils.cpp">
      <Filter>libs\openFrameworks\util</Filter>
    </ClCompile>
    <ClCompile Include="..\..\..\libs\openFrameworks\video\ofDirectShowGrabber.cpp">
      <Filter>libs\openFrameworks\video</Filter>
    </ClCompile>
    <ClCompile Include="..\..\..\libs\openFrameworks\video\ofQtUtils.cpp">
      <Filter>libs\openFrameworks\video</Filter>
    </ClCompile>
    <ClCompile Include="..\..\..\libs\openFrameworks\video\ofVideoGrabber.cpp">
      <Filter>libs\openFrameworks\video</Filter>
    </ClCompile>
    <ClCompile Include="..\..\..\libs\openFrameworks\video\ofVideoPlayer.cpp">
      <Filter>libs\openFrameworks\video</Filter>
    </ClCompile>
    <ClCompile Include="..\..\..\libs\openFrameworks\communication\ofArduino.cpp">
      <Filter>libs\openFrameworks\communication</Filter>
    </ClCompile>
    <ClCompile Include="..\..\..\libs\openFrameworks\communication\ofSerial.cpp">
      <Filter>libs\openFrameworks\communication</Filter>
    </ClCompile>
    <ClCompile Include="..\..\..\libs\openFrameworks\events\ofEvents.cpp">
      <Filter>libs\openFrameworks\events</Filter>
    </ClCompile>
    <ClCompile Include="..\..\..\libs\openFrameworks\types\ofBaseTypes.cpp">
      <Filter>libs\openFrameworks\types</Filter>
    </ClCompile>
    <ClCompile Include="..\..\..\libs\openFrameworks\types\ofColor.cpp">
      <Filter>libs\openFrameworks\types</Filter>
    </ClCompile>
    <ClCompile Include="..\..\..\libs\openFrameworks\types\ofPoint.cpp">
      <Filter>libs\openFrameworks\types</Filter>
    </ClCompile>
    <ClCompile Include="..\..\..\libs\openFrameworks\types\ofRectangle.cpp">
      <Filter>libs\openFrameworks\types</Filter>
    </ClCompile>
    <ClCompile Include="..\..\..\libs\openFrameworks\math\ofMath.cpp">
      <Filter>libs\openFrameworks\math</Filter>
    </ClCompile>
    <ClCompile Include="..\..\..\libs\openFrameworks\math\ofMatrix3x3.cpp">
      <Filter>libs\openFrameworks\math</Filter>
    </ClCompile>
    <ClCompile Include="..\..\..\libs\openFrameworks\math\ofMatrix4x4.cpp">
      <Filter>libs\openFrameworks\math</Filter>
    </ClCompile>
    <ClCompile Include="..\..\..\libs\openFrameworks\math\ofQuaternion.cpp">
      <Filter>libs\openFrameworks\math</Filter>
    </ClCompile>
    <ClCompile Include="..\..\..\libs\openFrameworks\3d\of3dUtils.cpp">
      <Filter>libs\openFrameworks\3d</Filter>
    </ClCompile>
    <ClCompile Include="..\..\..\libs\openFrameworks\3d\ofCamera.cpp">
      <Filter>libs\openFrameworks\3d</Filter>
    </ClCompile>
    <ClCompile Include="..\..\..\libs\openFrameworks\3d\ofEasyCam.cpp">
      <Filter>libs\openFrameworks\3d</Filter>
    </ClCompile>
    <ClCompile Include="..\..\..\libs\openFrameworks\3d\ofLight.cpp">
      <Filter>libs\openFrameworks\3d</Filter>
    </ClCompile>
    <ClCompile Include="..\..\..\libs\openFrameworks\3d\ofMesh.cpp">
      <Filter>libs\openFrameworks\3d</Filter>
    </ClCompile>
    <ClCompile Include="..\..\..\libs\openFrameworks\3d\ofModel.cpp">
      <Filter>libs\openFrameworks\3d</Filter>
    </ClCompile>
    <ClCompile Include="..\..\..\libs\openFrameworks\3d\ofModelUtils.cpp">
      <Filter>libs\openFrameworks\3d</Filter>
    </ClCompile>
    <ClCompile Include="..\..\..\libs\openFrameworks\3d\ofNode.cpp">
      <Filter>libs\openFrameworks\3d</Filter>
    </ClCompile>
    <ClCompile Include="..\..\..\libs\openFrameworks\3d\ofScene3d.cpp">
      <Filter>libs\openFrameworks\3d</Filter>
    </ClCompile>
    <ClCompile Include="..\..\..\libs\openFrameworks\3d\ofVbo.cpp">
      <Filter>libs\openFrameworks\3d</Filter>
    </ClCompile>
    <ClCompile Include="..\..\..\libs\openFrameworks\3d\ofVertexData.cpp">
      <Filter>libs\openFrameworks\3d</Filter>
    </ClCompile>
  </ItemGroup>
  <ItemGroup>
    <ClInclude Include="src\testApp.h" />
    <ClInclude Include="..\..\..\libs\openFrameworks\ofMain.h">
      <Filter>libs\openFrameworks</Filter>
    </ClInclude>
    <ClInclude Include="..\..\..\libs\openFrameworks\app\ofAppBaseWindow.h">
      <Filter>libs\openFrameworks\app</Filter>
    </ClInclude>
    <ClInclude Include="..\..\..\libs\openFrameworks\app\ofBaseApp.h">
      <Filter>libs\openFrameworks\app</Filter>
    </ClInclude>
    <ClInclude Include="..\..\..\libs\openFrameworks\app\ofAppGlutWindow.h">
      <Filter>libs\openFrameworks\app</Filter>
    </ClInclude>
    <ClInclude Include="..\..\..\libs\openFrameworks\app\ofAppRunner.h">
      <Filter>libs\openFrameworks\app</Filter>
    </ClInclude>
    <ClInclude Include="..\..\..\libs\openFrameworks\graphics\ofPixels.h">
      <Filter>libs\openFrameworks\graphics</Filter>
    </ClInclude>
    <ClInclude Include="..\..\..\libs\openFrameworks\graphics\ofBitmapFont.h">
      <Filter>libs\openFrameworks\graphics</Filter>
    </ClInclude>
    <ClInclude Include="..\..\..\libs\openFrameworks\graphics\ofGraphics.h">
      <Filter>libs\openFrameworks\graphics</Filter>
    </ClInclude>
    <ClInclude Include="..\..\..\libs\openFrameworks\graphics\ofImage.h">
      <Filter>libs\openFrameworks\graphics</Filter>
    </ClInclude>
    <ClInclude Include="..\..\..\libs\openFrameworks\graphics\ofTexture.h">
      <Filter>libs\openFrameworks\graphics</Filter>
    </ClInclude>
    <ClInclude Include="..\..\..\libs\openFrameworks\graphics\ofTrueTypefont.h">
      <Filter>libs\openFrameworks\graphics</Filter>
    </ClInclude>
    <ClInclude Include="..\..\..\libs\openFrameworks\sound\ofSoundStream.h">
      <Filter>libs\openFrameworks\sound</Filter>
    </ClInclude>
    <ClInclude Include="..\..\..\libs\openFrameworks\utils\ofConstants.h">
      <Filter>libs\openFrameworks\util</Filter>
    </ClInclude>
    <ClInclude Include="..\..\..\libs\openFrameworks\utils\ofFileUtils.h">
      <Filter>libs\openFrameworks\util</Filter>
    </ClInclude>
    <ClInclude Include="..\..\..\libs\openFrameworks\utils\ofNoise.h">
      <Filter>libs\openFrameworks\util</Filter>
    </ClInclude>
    <ClInclude Include="..\..\..\libs\openFrameworks\utils\ofSystemUtils.h">
      <Filter>libs\openFrameworks\util</Filter>
    </ClInclude>
    <ClInclude Include="..\..\..\libs\openFrameworks\utils\ofUtils.h">
      <Filter>libs\openFrameworks\util</Filter>
    </ClInclude>
    <ClInclude Include="..\..\..\libs\openFrameworks\video\ofDirectShowGrabber.h">
      <Filter>libs\openFrameworks\video</Filter>
    </ClInclude>
    <ClInclude Include="..\..\..\libs\openFrameworks\video\ofQtUtils.h">
      <Filter>libs\openFrameworks\video</Filter>
    </ClInclude>
    <ClInclude Include="..\..\..\libs\openFrameworks\video\ofVideoGrabber.h">
      <Filter>libs\openFrameworks\video</Filter>
    </ClInclude>
    <ClInclude Include="..\..\..\libs\openFrameworks\video\ofVideoPlayer.h">
      <Filter>libs\openFrameworks\video</Filter>
    </ClInclude>
    <ClInclude Include="..\..\..\libs\openFrameworks\communication\ofArduino.h">
      <Filter>libs\openFrameworks\communication</Filter>
    </ClInclude>
    <ClInclude Include="..\..\..\libs\openFrameworks\communication\ofSerial.h">
      <Filter>libs\openFrameworks\communication</Filter>
    </ClInclude>
    <ClInclude Include="..\..\..\libs\openFrameworks\events\ofEvents.h">
      <Filter>libs\openFrameworks\events</Filter>
    </ClInclude>
    <ClInclude Include="..\..\..\libs\openFrameworks\events\ofEventUtils.h">
      <Filter>libs\openFrameworks\events</Filter>
    </ClInclude>
    <ClInclude Include="..\..\..\libs\openFrameworks\types\ofBaseTypes.h">
      <Filter>libs\openFrameworks\types</Filter>
    </ClInclude>
    <ClInclude Include="..\..\..\libs\openFrameworks\types\ofColor.h">
      <Filter>libs\openFrameworks\types</Filter>
    </ClInclude>
    <ClInclude Include="..\..\..\libs\openFrameworks\types\ofPoint.h">
      <Filter>libs\openFrameworks\types</Filter>
    </ClInclude>
    <ClInclude Include="..\..\..\libs\openFrameworks\types\ofRectangle.h">
      <Filter>libs\openFrameworks\types</Filter>
    </ClInclude>
    <ClInclude Include="..\..\..\libs\openFrameworks\types\ofTypes.h">
      <Filter>libs\openFrameworks\types</Filter>
    </ClInclude>
    <ClInclude Include="..\..\..\libs\openFrameworks\math\ofMath.h">
      <Filter>libs\openFrameworks\math</Filter>
    </ClInclude>
    <ClInclude Include="..\..\..\libs\openFrameworks\math\ofMatrix3x3.h">
      <Filter>libs\openFrameworks\math</Filter>
    </ClInclude>
    <ClInclude Include="..\..\..\libs\openFrameworks\math\ofMatrix4x4.h">
      <Filter>libs\openFrameworks\math</Filter>
    </ClInclude>
    <ClInclude Include="..\..\..\libs\openFrameworks\math\ofQuaternion.h">
      <Filter>libs\openFrameworks\math</Filter>
    </ClInclude>
    <ClInclude Include="..\..\..\libs\openFrameworks\math\ofVec2f.h">
      <Filter>libs\openFrameworks\math</Filter>
    </ClInclude>
    <ClInclude Include="..\..\..\libs\openFrameworks\math\ofVec3f.h">
      <Filter>libs\openFrameworks\math</Filter>
    </ClInclude>
    <ClInclude Include="..\..\..\libs\openFrameworks\math\ofVec4f.h">
      <Filter>libs\openFrameworks\math</Filter>
    </ClInclude>
    <ClInclude Include="..\..\..\libs\openFrameworks\math\ofVectorMath.h">
      <Filter>libs\openFrameworks\math</Filter>
    </ClInclude>
    <ClInclude Include="..\..\..\libs\openFrameworks\3d\of3dUtils.h">
      <Filter>libs\openFrameworks\3d</Filter>
    </ClInclude>
    <ClInclude Include="..\..\..\libs\openFrameworks\3d\ofCamera.h">
      <Filter>libs\openFrameworks\3d</Filter>
    </ClInclude>
    <ClInclude Include="..\..\..\libs\openFrameworks\3d\ofEasyCam.h">
      <Filter>libs\openFrameworks\3d</Filter>
    </ClInclude>
    <ClInclude Include="..\..\..\libs\openFrameworks\3d\ofLight.h">
      <Filter>libs\openFrameworks\3d</Filter>
    </ClInclude>
    <ClInclude Include="..\..\..\libs\openFrameworks\3d\ofMesh.h">
      <Filter>libs\openFrameworks\3d</Filter>
    </ClInclude>
    <ClInclude Include="..\..\..\libs\openFrameworks\3d\ofModel.h">
      <Filter>libs\openFrameworks\3d</Filter>
    </ClInclude>
    <ClInclude Include="..\..\..\libs\openFrameworks\3d\ofModelUtils.h">
      <Filter>libs\openFrameworks\3d</Filter>
    </ClInclude>
    <ClInclude Include="..\..\..\libs\openFrameworks\3d\ofNode.h">
      <Filter>libs\openFrameworks\3d</Filter>
    </ClInclude>
    <ClInclude Include="..\..\..\libs\openFrameworks\3d\ofScene3d.h">
      <Filter>libs\openFrameworks\3d</Filter>
    </ClInclude>
    <ClInclude Include="..\..\..\libs\openFrameworks\3d\ofVbo.h">
      <Filter>libs\openFrameworks\3d</Filter>
    </ClInclude>
    <ClInclude Include="..\..\..\libs\openFrameworks\3d\ofVertexData.h">
      <Filter>libs\openFrameworks\3d</Filter>
    </ClInclude>
  </ItemGroup>
  <ItemGroup>
    <Filter Include="libs">
      <UniqueIdentifier>{29e8da7d-3c63-40f8-8c03-496212bf32d5}</UniqueIdentifier>
    </Filter>
    <Filter Include="libs\openFrameworks">
      <UniqueIdentifier>{ae57b26b-9389-4b40-bd01-5c7bc16b2d12}</UniqueIdentifier>
    </Filter>
    <Filter Include="libs\openFrameworks\app">
      <UniqueIdentifier>{cc58125f-6ce4-4ad1-ad75-860644fc64f3}</UniqueIdentifier>
    </Filter>
    <Filter Include="libs\openFrameworks\graphics">
      <UniqueIdentifier>{4449543c-1997-43df-bd5b-e3979467cb87}</UniqueIdentifier>
    </Filter>
    <Filter Include="libs\openFrameworks\sound">
      <UniqueIdentifier>{b10a1d73-cba9-415d-8af2-83e9ff37d2a8}</UniqueIdentifier>
    </Filter>
    <Filter Include="libs\openFrameworks\util">
      <UniqueIdentifier>{032049a2-db48-461b-b660-45062f5e6b3a}</UniqueIdentifier>
    </Filter>
    <Filter Include="libs\openFrameworks\video">
      <UniqueIdentifier>{6e4882e5-552b-4255-8042-74d305fe8319}</UniqueIdentifier>
    </Filter>
    <Filter Include="libs\openFrameworks\communication">
      <UniqueIdentifier>{6b2d7ac4-bd5c-4fa5-9a0a-7b5af351857b}</UniqueIdentifier>
    </Filter>
    <Filter Include="libs\openFrameworks\events">
      <UniqueIdentifier>{759bb69a-446e-4368-8c1b-9f66e75b0c36}</UniqueIdentifier>
    </Filter>
    <Filter Include="libs\openFrameworks\types">
      <UniqueIdentifier>{06f28067-b680-4fcb-ab0a-20fa94bfc7e5}</UniqueIdentifier>
    </Filter>
    <Filter Include="libs\openFrameworks\math">
      <UniqueIdentifier>{14da73b9-3649-43c9-80e1-b42667bef40a}</UniqueIdentifier>
    </Filter>
    <Filter Include="libs\openFrameworks\3d">
      <UniqueIdentifier>{11e1419e-0d98-44e4-bcaf-fc665ab11c8d}</UniqueIdentifier>
    </Filter>
  </ItemGroup>
</Project>